{
  "name": "npm-lib",
  "version": "1.0.0",
  "lockfileVersion": 3,
  "requires": true,
  "packages": {
    "": {
      "name": "npm-lib",
      "version": "1.0.0",
      "license": "MIT",
      "dependencies": {
        "npm-lib": "github:XK-Z0-XD/npm-lib"
      },
      "devDependencies": {}
    },
    "node_modules/npm-lib": {
      "version": "1.0.0",
      "resolved": "git+ssh://git@github.com/XK-Z0-XD/npm-lib.git#5ed7267f89b9bcad38ffa4a7d772958726adcba6",
      "license": "MIT"
    }
  }
}
